
Microsoft Visual Studio Solution File, Format Version 12.00
# Visual Studio Version 17
VisualStudioVersion = 17.8.34330.188
MinimumVisualStudioVersion = 10.0.40219.1
Project("{9A19103F-16F7-4668-BE54-9A1E7A4F7556}") = "HealthyMealAPI", "HealthyMealAPI\HealthyMealAPI.csproj", "{95031C43-D1FF-4041-8327-5D13C36FDCE9}"
EndProject
Project("{FAE04EC0-301F-11D3-BF4B-00C04F79EFBC}") = "DAL", "DAL\DAL.csproj", "{4AD5EA0F-CC39-431A-869A-2AF57A8B8A4F}"
EndProject
Project("{FAE04EC0-301F-11D3-BF4B-00C04F79EFBC}") = "BLL", "BLL\BLL.csproj", "{6D98C71A-D2CB-4CA8-9205-FB482506983C}"
EndProject
Global
	GlobalSection(SolutionConfigurationPlatforms) = preSolution
		Debug|Any CPU = Debug|Any CPU
		Release|Any CPU = Release|Any CPU
	EndGlobalSection
	GlobalSection(ProjectConfigurationPlatforms) = postSolution
		{95031C43-D1FF-4041-8327-5D13C36FDCE9}.Debug|Any CPU.ActiveCfg = Debug|Any CPU
		{95031C43-D1FF-4041-8327-5D13C36FDCE9}.Debug|Any CPU.Build.0 = Debug|Any CPU
		{95031C43-D1FF-4041-8327-5D13C36FDCE9}.Release|Any CPU.ActiveCfg = Release|Any CPU
		{95031C43-D1FF-4041-8327-5D13C36FDCE9}.Release|Any CPU.Build.0 = Release|Any CPU
		{4AD5EA0F-CC39-431A-869A-2AF57A8B8A4F}.Debug|Any CPU.ActiveCfg = Debug|Any CPU
		{4AD5EA0F-CC39-431A-869A-2AF57A8B8A4F}.Debug|Any CPU.Build.0 = Debug|Any CPU
		{4AD5EA0F-CC39-431A-869A-2AF57A8B8A4F}.Release|Any CPU.ActiveCfg = Release|Any CPU
		{4AD5EA0F-CC39-431A-869A-2AF57A8B8A4F}.Release|Any CPU.Build.0 = Release|Any CPU
		{6D98C71A-D2CB-4CA8-9205-FB482506983C}.Debug|Any CPU.ActiveCfg = Debug|Any CPU
		{6D98C71A-D2CB-4CA8-9205-FB482506983C}.Debug|Any CPU.Build.0 = Debug|Any CPU
		{6D98C71A-D2CB-4CA8-9205-FB482506983C}.Release|Any CPU.ActiveCfg = Release|Any CPU
		{6D98C71A-D2CB-4CA8-9205-FB482506983C}.Release|Any CPU.Build.0 = Release|Any CPU
	EndGlobalSection
	GlobalSection(SolutionProperties) = preSolution
		HideSolutionNode = FALSE
	EndGlobalSection
	GlobalSection(ExtensibilityGlobals) = postSolution
		SolutionGuid = {BDADECA9-D37E-4D86-AE99-7BD51C402C1D}
	EndGlobalSection
EndGlobal
